
Microsoft Visual Studio Solution File, Format Version 12.00
# Visual Studio Version 17
VisualStudioVersion = 17.11.35005.142
MinimumVisualStudioVersion = 10.0.40219.1
Project("{FAE04EC0-301F-11D3-BF4B-00C04F79EFBC}") = "TwentyOne", "TwentyOne.csproj", "{D8996FC3-C709-4252-95AE-853093D9E96A}"
EndProject
Global
	GlobalSection(SolutionConfigurationPlatforms) = preSolution
		Debug|Any CPU = Debug|Any CPU
		Release|Any CPU = Release|Any CPU
	EndGlobalSection
	GlobalSection(ProjectConfigurationPlatforms) = postSolution
		{D8996FC3-C709-4252-95AE-853093D9E96A}.Debug|Any CPU.ActiveCfg = Debug|Any CPU
		{D8996FC3-C709-4252-95AE-853093D9E96A}.Debug|Any CPU.Build.0 = Debug|Any CPU
		{D8996FC3-C709-4252-95AE-853093D9E96A}.Release|Any CPU.ActiveCfg = Release|Any CPU
		{D8996FC3-C709-4252-95AE-853093D9E96A}.Release|Any CPU.Build.0 = Release|Any CPU
	EndGlobalSection
	GlobalSection(SolutionProperties) = preSolution
		HideSolutionNode = FALSE
	EndGlobalSection
	GlobalSection(ExtensibilityGlobals) = postSolution
		SolutionGuid = {11030B14-4E5D-4EFB-8C1C-CA41C66BE294}
	EndGlobalSection
EndGlobal
