
Microsoft Visual Studio Solution File, Format Version 12.00
# Visual Studio Version 17
VisualStudioVersion = 17.11.35005.142
MinimumVisualStudioVersion = 10.0.40219.1
Project("{FAE04EC0-301F-11D3-BF4B-00C04F79EFBC}") = "ConsoleApp1", "ConsoleApp1.csproj", "{6720926B-8C6B-427E-8A88-E07486FBA453}"
EndProject
Global
	GlobalSection(SolutionConfigurationPlatforms) = preSolution
		Debug|Any CPU = Debug|Any CPU
		Release|Any CPU = Release|Any CPU
	EndGlobalSection
	GlobalSection(ProjectConfigurationPlatforms) = postSolution
		{6720926B-8C6B-427E-8A88-E07486FBA453}.Debug|Any CPU.ActiveCfg = Debug|Any CPU
		{6720926B-8C6B-427E-8A88-E07486FBA453}.Debug|Any CPU.Build.0 = Debug|Any CPU
		{6720926B-8C6B-427E-8A88-E07486FBA453}.Release|Any CPU.ActiveCfg = Release|Any CPU
		{6720926B-8C6B-427E-8A88-E07486FBA453}.Release|Any CPU.Build.0 = Release|Any CPU
	EndGlobalSection
	GlobalSection(SolutionProperties) = preSolution
		HideSolutionNode = FALSE
	EndGlobalSection
	GlobalSection(ExtensibilityGlobals) = postSolution
		SolutionGuid = {AE7AF844-5BCE-4F01-A302-903E82003A4E}
	EndGlobalSection
EndGlobal
